
Microsoft Visual Studio Solution File, Format Version 12.00
# Visual Studio Version 17
VisualStudioVersion = 17.9.34723.18
MinimumVisualStudioVersion = 10.0.40219.1
Project("{FAE04EC0-301F-11D3-BF4B-00C04F79EFBC}") = "Dinghies", "Dinghies.csproj", "{4861A431-F590-441D-B316-7E369B90C25B}"
EndProject
Project("{FAE04EC0-301F-11D3-BF4B-00C04F79EFBC}") = "DinghiesBridge", "DinghiesBridge\DinghiesBridge.csproj", "{CF3F6BC0-D29D-4DEF-BC02-4094BEAD3A25}"
EndProject
Project("{FAE04EC0-301F-11D3-BF4B-00C04F79EFBC}") = "DinghiesScripts", "DinghiesScripts\DinghiesScripts.csproj", "{0D5504C4-F5A6-4702-9213-368175D39C48}"
EndProject
Global
	GlobalSection(SolutionConfigurationPlatforms) = preSolution
		Debug|Any CPU = Debug|Any CPU
		Release|Any CPU = Release|Any CPU
	EndGlobalSection
	GlobalSection(ProjectConfigurationPlatforms) = postSolution
		{4861A431-F590-441D-B316-7E369B90C25B}.Debug|Any CPU.ActiveCfg = Debug|Any CPU
		{4861A431-F590-441D-B316-7E369B90C25B}.Debug|Any CPU.Build.0 = Debug|Any CPU
		{4861A431-F590-441D-B316-7E369B90C25B}.Release|Any CPU.ActiveCfg = Release|Any CPU
		{4861A431-F590-441D-B316-7E369B90C25B}.Release|Any CPU.Build.0 = Release|Any CPU
		{CF3F6BC0-D29D-4DEF-BC02-4094BEAD3A25}.Debug|Any CPU.ActiveCfg = Debug|Any CPU
		{CF3F6BC0-D29D-4DEF-BC02-4094BEAD3A25}.Debug|Any CPU.Build.0 = Debug|Any CPU
		{CF3F6BC0-D29D-4DEF-BC02-4094BEAD3A25}.Release|Any CPU.ActiveCfg = Release|Any CPU
		{CF3F6BC0-D29D-4DEF-BC02-4094BEAD3A25}.Release|Any CPU.Build.0 = Release|Any CPU
		{0D5504C4-F5A6-4702-9213-368175D39C48}.Debug|Any CPU.ActiveCfg = Debug|Any CPU
		{0D5504C4-F5A6-4702-9213-368175D39C48}.Debug|Any CPU.Build.0 = Debug|Any CPU
		{0D5504C4-F5A6-4702-9213-368175D39C48}.Release|Any CPU.ActiveCfg = Release|Any CPU
		{0D5504C4-F5A6-4702-9213-368175D39C48}.Release|Any CPU.Build.0 = Release|Any CPU
	EndGlobalSection
	GlobalSection(SolutionProperties) = preSolution
		HideSolutionNode = FALSE
	EndGlobalSection
	GlobalSection(ExtensibilityGlobals) = postSolution
		SolutionGuid = {20792FE9-3A8F-44EC-9BCB-1BFF50A52772}
	EndGlobalSection
EndGlobal
